
Microsoft Visual Studio Solution File, Format Version 12.00
# Visual Studio Version 17
VisualStudioVersion = 17.14.36414.22
MinimumVisualStudioVersion = 10.0.40219.1
Project("{FAE04EC0-301F-11D3-BF4B-00C04F79EFBC}") = "EF02", "EF02\EF02.csproj", "{01006A14-2F54-4971-A87C-2325CA8D16A0}"
EndProject
Project("{FAE04EC0-301F-11D3-BF4B-00C04F79EFBC}") = "EF03", "EF03\EF03.csproj", "{D4EE2E6A-7FB1-4266-8010-47ADD31A66D2}"
EndProject
Project("{FAE04EC0-301F-11D3-BF4B-00C04F79EFBC}") = "EF04", "EF04\EF04.csproj", "{6945AE95-8722-41D5-8F1F-C087EC767C51}"
EndProject
Project("{FAE04EC0-301F-11D3-BF4B-00C04F79EFBC}") = "EF05", "EF05\EF05.csproj", "{C7F5D21D-E49A-49F4-8C60-BAD65B66D1DF}"
EndProject
Project("{FAE04EC0-301F-11D3-BF4B-00C04F79EFBC}") = "EF06", "EF06\EF06.csproj", "{09FD9D3B-8417-4ECB-95F4-D4A40CA81970}"
EndProject
Project("{FAE04EC0-301F-11D3-BF4B-00C04F79EFBC}") = "EF07.v1", "EF07.v1\EF07.v1.csproj", "{4DD4D2E1-56FE-42A0-8C3E-5D20BA6A03FB}"
EndProject
Project("{FAE04EC0-301F-11D3-BF4B-00C04F79EFBC}") = "EF07.v2", "EF07.v2\EF07.v2.csproj", "{EEF876DE-0611-4871-9D7D-026C282955AA}"
EndProject
Project("{FAE04EC0-301F-11D3-BF4B-00C04F79EFBC}") = "EF08", "EF08\EF08.csproj", "{70B33BCC-9E6A-4CA3-93AC-A6190F189237}"
EndProject
Project("{FAE04EC0-301F-11D3-BF4B-00C04F79EFBC}") = "EF09", "EF09\EF09.csproj", "{A3764258-D09A-4521-B2B3-EFC9F0CF4B76}"
EndProject
Project("{FAE04EC0-301F-11D3-BF4B-00C04F79EFBC}") = "EF10", "EF10\EF10.csproj", "{EF48DC39-A5FE-4A9E-AE8C-B345D3DC2A3D}"
EndProject
Project("{FAE04EC0-301F-11D3-BF4B-00C04F79EFBC}") = "EF10.Metigator", "EF10.Metigator\EF10.Metigator.csproj", "{A6FE9DAF-0CA8-47F7-A9F3-A44819013519}"
EndProject
Project("{FAE04EC0-301F-11D3-BF4B-00C04F79EFBC}") = "EF12.CodeFirstMigration", "EF012.CodeFirstMigration\EF12.CodeFirstMigration.csproj", "{075821B4-1B98-4EDA-80D4-2C13CEBFAC2D}"
EndProject
Global
	GlobalSection(SolutionConfigurationPlatforms) = preSolution
		Debug|Any CPU = Debug|Any CPU
		Release|Any CPU = Release|Any CPU
	EndGlobalSection
	GlobalSection(ProjectConfigurationPlatforms) = postSolution
		{01006A14-2F54-4971-A87C-2325CA8D16A0}.Debug|Any CPU.ActiveCfg = Debug|Any CPU
		{01006A14-2F54-4971-A87C-2325CA8D16A0}.Debug|Any CPU.Build.0 = Debug|Any CPU
		{01006A14-2F54-4971-A87C-2325CA8D16A0}.Release|Any CPU.ActiveCfg = Release|Any CPU
		{01006A14-2F54-4971-A87C-2325CA8D16A0}.Release|Any CPU.Build.0 = Release|Any CPU
		{D4EE2E6A-7FB1-4266-8010-47ADD31A66D2}.Debug|Any CPU.ActiveCfg = Debug|Any CPU
		{D4EE2E6A-7FB1-4266-8010-47ADD31A66D2}.Debug|Any CPU.Build.0 = Debug|Any CPU
		{D4EE2E6A-7FB1-4266-8010-47ADD31A66D2}.Release|Any CPU.ActiveCfg = Release|Any CPU
		{D4EE2E6A-7FB1-4266-8010-47ADD31A66D2}.Release|Any CPU.Build.0 = Release|Any CPU
		{6945AE95-8722-41D5-8F1F-C087EC767C51}.Debug|Any CPU.ActiveCfg = Debug|Any CPU
		{6945AE95-8722-41D5-8F1F-C087EC767C51}.Debug|Any CPU.Build.0 = Debug|Any CPU
		{6945AE95-8722-41D5-8F1F-C087EC767C51}.Release|Any CPU.ActiveCfg = Release|Any CPU
		{6945AE95-8722-41D5-8F1F-C087EC767C51}.Release|Any CPU.Build.0 = Release|Any CPU
		{C7F5D21D-E49A-49F4-8C60-BAD65B66D1DF}.Debug|Any CPU.ActiveCfg = Debug|Any CPU
		{C7F5D21D-E49A-49F4-8C60-BAD65B66D1DF}.Debug|Any CPU.Build.0 = Debug|Any CPU
		{C7F5D21D-E49A-49F4-8C60-BAD65B66D1DF}.Release|Any CPU.ActiveCfg = Release|Any CPU
		{C7F5D21D-E49A-49F4-8C60-BAD65B66D1DF}.Release|Any CPU.Build.0 = Release|Any CPU
		{09FD9D3B-8417-4ECB-95F4-D4A40CA81970}.Debug|Any CPU.ActiveCfg = Debug|Any CPU
		{09FD9D3B-8417-4ECB-95F4-D4A40CA81970}.Debug|Any CPU.Build.0 = Debug|Any CPU
		{09FD9D3B-8417-4ECB-95F4-D4A40CA81970}.Release|Any CPU.ActiveCfg = Release|Any CPU
		{09FD9D3B-8417-4ECB-95F4-D4A40CA81970}.Release|Any CPU.Build.0 = Release|Any CPU
		{4DD4D2E1-56FE-42A0-8C3E-5D20BA6A03FB}.Debug|Any CPU.ActiveCfg = Debug|Any CPU
		{4DD4D2E1-56FE-42A0-8C3E-5D20BA6A03FB}.Debug|Any CPU.Build.0 = Debug|Any CPU
		{4DD4D2E1-56FE-42A0-8C3E-5D20BA6A03FB}.Release|Any CPU.ActiveCfg = Release|Any CPU
		{4DD4D2E1-56FE-42A0-8C3E-5D20BA6A03FB}.Release|Any CPU.Build.0 = Release|Any CPU
		{EEF876DE-0611-4871-9D7D-026C282955AA}.Debug|Any CPU.ActiveCfg = Debug|Any CPU
		{EEF876DE-0611-4871-9D7D-026C282955AA}.Debug|Any CPU.Build.0 = Debug|Any CPU
		{EEF876DE-0611-4871-9D7D-026C282955AA}.Release|Any CPU.ActiveCfg = Release|Any CPU
		{EEF876DE-0611-4871-9D7D-026C282955AA}.Release|Any CPU.Build.0 = Release|Any CPU
		{70B33BCC-9E6A-4CA3-93AC-A6190F189237}.Debug|Any CPU.ActiveCfg = Debug|Any CPU
		{70B33BCC-9E6A-4CA3-93AC-A6190F189237}.Debug|Any CPU.Build.0 = Debug|Any CPU
		{70B33BCC-9E6A-4CA3-93AC-A6190F189237}.Release|Any CPU.ActiveCfg = Release|Any CPU
		{70B33BCC-9E6A-4CA3-93AC-A6190F189237}.Release|Any CPU.Build.0 = Release|Any CPU
		{A3764258-D09A-4521-B2B3-EFC9F0CF4B76}.Debug|Any CPU.ActiveCfg = Debug|Any CPU
		{A3764258-D09A-4521-B2B3-EFC9F0CF4B76}.Debug|Any CPU.Build.0 = Debug|Any CPU
		{A3764258-D09A-4521-B2B3-EFC9F0CF4B76}.Release|Any CPU.ActiveCfg = Release|Any CPU
		{A3764258-D09A-4521-B2B3-EFC9F0CF4B76}.Release|Any CPU.Build.0 = Release|Any CPU
		{EF48DC39-A5FE-4A9E-AE8C-B345D3DC2A3D}.Debug|Any CPU.ActiveCfg = Debug|Any CPU
		{EF48DC39-A5FE-4A9E-AE8C-B345D3DC2A3D}.Debug|Any CPU.Build.0 = Debug|Any CPU
		{EF48DC39-A5FE-4A9E-AE8C-B345D3DC2A3D}.Release|Any CPU.ActiveCfg = Release|Any CPU
		{EF48DC39-A5FE-4A9E-AE8C-B345D3DC2A3D}.Release|Any CPU.Build.0 = Release|Any CPU
		{A6FE9DAF-0CA8-47F7-A9F3-A44819013519}.Debug|Any CPU.ActiveCfg = Debug|Any CPU
		{A6FE9DAF-0CA8-47F7-A9F3-A44819013519}.Debug|Any CPU.Build.0 = Debug|Any CPU
		{A6FE9DAF-0CA8-47F7-A9F3-A44819013519}.Release|Any CPU.ActiveCfg = Release|Any CPU
		{A6FE9DAF-0CA8-47F7-A9F3-A44819013519}.Release|Any CPU.Build.0 = Release|Any CPU
		{075821B4-1B98-4EDA-80D4-2C13CEBFAC2D}.Debug|Any CPU.ActiveCfg = Debug|Any CPU
		{075821B4-1B98-4EDA-80D4-2C13CEBFAC2D}.Debug|Any CPU.Build.0 = Debug|Any CPU
		{075821B4-1B98-4EDA-80D4-2C13CEBFAC2D}.Release|Any CPU.ActiveCfg = Release|Any CPU
		{075821B4-1B98-4EDA-80D4-2C13CEBFAC2D}.Release|Any CPU.Build.0 = Release|Any CPU
	EndGlobalSection
	GlobalSection(SolutionProperties) = preSolution
		HideSolutionNode = FALSE
	EndGlobalSection
	GlobalSection(ExtensibilityGlobals) = postSolution
		SolutionGuid = {191B7226-18E5-4E7A-A440-C2AFBCCF819E}
	EndGlobalSection
EndGlobal
